# This file is generated by running "yarn install" inside your project.
# Manual changes might be lost - proceed with caution!

__metadata:
  version: 10
  cacheKey: 10c0

"@prettier/plugin-xml@npm:^3.4.2":
  version: 3.4.2
  resolution: "@prettier/plugin-xml@npm:3.4.2"
  dependencies:
    "@xml-tools/parser": "npm:^1.0.11"
  peerDependencies:
    prettier: ^3.0.0
  checksum: 10c0/e5343e71b3c2850d879bb4390d9918dab1238eb79adefb1357a4e4c7207a19a1ac8192a967112325e1280f0d6bda397014fd83df6f8844e0afac5e2d747a814b
  languageName: node
  linkType: hard

"@taplo/core@npm:^0.2.0":
  version: 0.2.0
  resolution: "@taplo/core@npm:0.2.0"
  checksum: 10c0/4bbc3b696c49e267da2dfcd13e7812e5c09febda583856b35569773542e93f9c28a50dab69c635e1d5e11a4de6962ab08e006985fa38d2df1b3ef19d471efa05
  languageName: node
  linkType: hard

"@taplo/lib@npm:^0.5.0":
  version: 0.5.0
  resolution: "@taplo/lib@npm:0.5.0"
  dependencies:
    "@taplo/core": "npm:^0.2.0"
  checksum: 10c0/0d1ea190586cac09a1c28fc43f807ba843a3313329744aacf49200da909beacbc43e5ebb89677d608b821458ad9378bc3d398c2aa7eff7e567ad59f85cc5ed82
  languageName: node
  linkType: hard

"@xml-tools/parser@npm:^1.0.11":
  version: 1.0.11
  resolution: "@xml-tools/parser@npm:1.0.11"
  dependencies:
    chevrotain: "npm:7.1.1"
  checksum: 10c0/5abc75163d6b2ac8e9006a54576523513535953237463297137c5a3665ce1b9d220b77b6dbb68ab93df3fab40bbc98bbb10e90dd690fd7646fdb021323827971
  languageName: node
  linkType: hard

"ansi-regex@npm:^5.0.1":
  version: 5.0.1
  resolution: "ansi-regex@npm:5.0.1"
  checksum: 10c0/9a64bb8627b434ba9327b60c027742e5d17ac69277960d041898596271d992d4d52ba7267a63ca10232e29f6107fc8a835f6ce8d719b88c5f8493f8254813737
  languageName: node
  linkType: hard

"ansi-styles@npm:^4.0.0":
  version: 4.3.0
  resolution: "ansi-styles@npm:4.3.0"
  dependencies:
    color-convert: "npm:^2.0.1"
  checksum: 10c0/895a23929da416f2bd3de7e9cb4eabd340949328ab85ddd6e484a637d8f6820d485f53933446f5291c3b760cbc488beb8e88573dd0f9c7daf83dccc8fe81b041
  languageName: node
  linkType: hard

"balanced-match@npm:^4.0.2":
  version: 4.0.4
  resolution: "balanced-match@npm:4.0.4"
  checksum: 10c0/07e86102a3eb2ee2a6a1a89164f29d0dbaebd28f2ca3f5ca786f36b8b23d9e417eb3be45a4acf754f837be5ac0a2317de90d3fcb7f4f4dc95720a1f36b26a17b
  languageName: node
  linkType: hard

"brace-expansion@npm:^5.0.2":
  version: 5.0.5
  resolution: "brace-expansion@npm:5.0.5"
  dependencies:
    balanced-match: "npm:^4.0.2"
  checksum: 10c0/4d238e14ed4f5cc9c07285550a41cef23121ca08ba99fa9eb5b55b580dcb6bf868b8210aa10526bdc9f8dc97f33ca2a7259039c4cc131a93042beddb424c48e3
  languageName: node
  linkType: hard

"chevrotain@npm:7.1.1":
  version: 7.1.1
  resolution: "chevrotain@npm:7.1.1"
  dependencies:
    regexp-to-ast: "npm:0.5.0"
  checksum: 10c0/3fbbb7a30fb87a4cd141a28bdfa2851f54fde4099aa92071442b47605dfc5974eee0388ec25a517087fcea4dcc1f0ce6b371bc975591346327829aa83b3c843d
  languageName: node
  linkType: hard

"cliui@npm:^8.0.1":
  version: 8.0.1
  resolution: "cliui@npm:8.0.1"
  dependencies:
    string-width: "npm:^4.2.0"
    strip-ansi: "npm:^6.0.1"
    wrap-ansi: "npm:^7.0.0"
  checksum: 10c0/4bda0f09c340cbb6dfdc1ed508b3ca080f12992c18d68c6be4d9cf51756033d5266e61ec57529e610dacbf4da1c634423b0c1b11037709cc6b09045cbd815df5
  languageName: node
  linkType: hard

"color-convert@npm:^2.0.1":
  version: 2.0.1
  resolution: "color-convert@npm:2.0.1"
  dependencies:
    color-name: "npm:~1.1.4"
  checksum: 10c0/37e1150172f2e311fe1b2df62c6293a342ee7380da7b9cfdba67ea539909afbd74da27033208d01d6d5cfc65ee7868a22e18d7e7648e004425441c0f8a15a7d7
  languageName: node
  linkType: hard

"color-name@npm:~1.1.4":
  version: 1.1.4
  resolution: "color-name@npm:1.1.4"
  checksum: 10c0/a1a3f914156960902f46f7f56bc62effc6c94e84b2cae157a526b1c1f74b677a47ec602bf68a61abfa2b42d15b7c5651c6dbe72a43af720bc588dff885b10f95
  languageName: node
  linkType: hard

"dot-properties@npm:^1.1.0":
  version: 1.1.1
  resolution: "dot-properties@npm:1.1.1"
  checksum: 10c0/2007ef4a8b5afdc21bf457e01c6e1bef58d63359d273294d059ec7a2af1fb44c49be09492dc4ab843540d8c013893ac63a039aed79d0cda47b3ebd5b0f538f99
  languageName: node
  linkType: hard

"emoji-regex@npm:^8.0.0":
  version: 8.0.0
  resolution: "emoji-regex@npm:8.0.0"
  checksum: 10c0/b6053ad39951c4cf338f9092d7bfba448cdfd46fe6a2a034700b149ac9ffbc137e361cbd3c442297f86bed2e5f7576c1b54cc0a6bf8ef5106cc62f496af35010
  languageName: node
  linkType: hard

"escalade@npm:^3.1.1":
  version: 3.2.0
  resolution: "escalade@npm:3.2.0"
  checksum: 10c0/ced4dd3a78e15897ed3be74e635110bbf3b08877b0a41be50dcb325ee0e0b5f65fc2d50e9845194d7c4633f327e2e1c6cce00a71b617c5673df0374201d67f65
  languageName: node
  linkType: hard

"get-caller-file@npm:^2.0.5":
  version: 2.0.5
  resolution: "get-caller-file@npm:2.0.5"
  checksum: 10c0/c6c7b60271931fa752aeb92f2b47e355eac1af3a2673f47c9589e8f8a41adc74d45551c1bc57b5e66a80609f10ffb72b6f575e4370d61cc3f7f3aaff01757cde
  languageName: node
  linkType: hard

"git-conventional-commits@npm:^2.8.0":
  version: 2.9.0
  resolution: "git-conventional-commits@npm:2.9.0"
  dependencies:
    yaml: "npm:^2.1.3"
    yargs: "npm:^17.6.2"
  bin:
    git-conventional-commits: cli.js
  checksum: 10c0/103ce82e2815f44d0ebde032fcddf7b652b50e915278a9c369d7546c5e07f696a117c127deb4a0dd182c9a0985513f099b5a94e6f07d7f6f988ce50d16fc4554
  languageName: node
  linkType: hard

"glob@npm:^13.0.3":
  version: 13.0.6
  resolution: "glob@npm:13.0.6"
  dependencies:
    minimatch: "npm:^10.2.2"
    minipass: "npm:^7.1.3"
    path-scurry: "npm:^2.0.2"
  checksum: 10c0/269c236f11a9b50357fe7a8c6aadac667e01deb5242b19c84975628f05f4438d8ee1354bb62c5d6c10f37fd59911b54d7799730633a2786660d8c69f1d18120a
  languageName: node
  linkType: hard

"is-fullwidth-code-point@npm:^3.0.0":
  version: 3.0.0
  resolution: "is-fullwidth-code-point@npm:3.0.0"
  checksum: 10c0/bb11d825e049f38e04c06373a8d72782eee0205bda9d908cc550ccb3c59b99d750ff9537982e01733c1c94a58e35400661f57042158ff5e8f3e90cf936daf0fc
  languageName: node
  linkType: hard

"lint-staged@npm:^17.0.0":
  version: 17.1.0
  resolution: "lint-staged@npm:17.1.0"
  dependencies:
    picomatch: "npm:^4.0.5"
    string-argv: "npm:^0.3.2"
    tinyexec: "npm:^1.2.4"
    yaml: "npm:^2.9.0"
  dependenciesMeta:
    yaml:
      optional: true
  bin:
    lint-staged: bin/lint-staged.js
  checksum: 10c0/70d09008f7fb1b451e52ff6743f3d562b9c4d694ea5a6c038159ac11bbff1bb887952fc78ff3ca74af064bf95388a762c1ec32c0a6c3fd47509a29be13b9f013
  languageName: node
  linkType: hard

"lru-cache@npm:^11.0.0":
  version: 11.2.7
  resolution: "lru-cache@npm:11.2.7"
  checksum: 10c0/549cdb59488baa617135fc12159cafb1a97f91079f35093bb3bcad72e849fc64ace636d244212c181dfdf1a99bbfa90757ff303f98561958ee4d0f885d9bd5f7
  languageName: node
  linkType: hard

"minimatch@npm:^10.2.2":
  version: 10.2.4
  resolution: "minimatch@npm:10.2.4"
  dependencies:
    brace-expansion: "npm:^5.0.2"
  checksum: 10c0/35f3dfb7b99b51efd46afd378486889f590e7efb10e0f6a10ba6800428cf65c9a8dedb74427d0570b318d749b543dc4e85f06d46d2858bc8cac7e1eb49a95945
  languageName: node
  linkType: hard

"minipass@npm:^7.1.2, minipass@npm:^7.1.3":
  version: 7.1.3
  resolution: "minipass@npm:7.1.3"
  checksum: 10c0/539da88daca16533211ea5a9ee98dc62ff5742f531f54640dd34429e621955e91cc280a91a776026264b7f9f6735947629f920944e9c1558369e8bf22eb33fbb
  languageName: node
  linkType: hard

"package-json-from-dist@npm:^1.0.1":
  version: 1.0.1
  resolution: "package-json-from-dist@npm:1.0.1"
  checksum: 10c0/62ba2785eb655fec084a257af34dbe24292ab74516d6aecef97ef72d4897310bc6898f6c85b5cd22770eaa1ce60d55a0230e150fb6a966e3ecd6c511e23d164b
  languageName: node
  linkType: hard

"path-scurry@npm:^2.0.2":
  version: 2.0.2
  resolution: "path-scurry@npm:2.0.2"
  dependencies:
    lru-cache: "npm:^11.0.0"
    minipass: "npm:^7.1.2"
  checksum: 10c0/b35ad37cf6557a87fd057121ce2be7695380c9138d93e87ae928609da259ea0a170fac6f3ef1eb3ece8a068e8b7f2f3adf5bb2374cf4d4a57fe484954fcc9482
  languageName: node
  linkType: hard

"picomatch@npm:^4.0.5":
  version: 4.0.5
  resolution: "picomatch@npm:4.0.5"
  checksum: 10c0/947bc6b6e1ff1e6c5aaf95b107a0839d12802f4f7b867663f67d47accba939ca1cb582cf99dfc30438efa1c4648ac5990967e783e8929c36b03e8440704ef1bd
  languageName: node
  linkType: hard

"prettier-plugin-java@npm:^2.7.5":
  version: 2.10.2
  resolution: "prettier-plugin-java@npm:2.10.2"
  dependencies:
    web-tree-sitter: "npm:0.26.9"
  peerDependencies:
    prettier: ^3.0.0
  checksum: 10c0/0b259194e59b9cb9ebbe152c239b5cd7a6a33959f759322958a06ae4a1fd043bb6bd03bda149ec0cf2f5408836be512019b94e890d5759959af355576767e819
  languageName: node
  linkType: hard

"prettier-plugin-properties@npm:^0.3.0":
  version: 0.3.1
  resolution: "prettier-plugin-properties@npm:0.3.1"
  dependencies:
    dot-properties: "npm:^1.1.0"
  peerDependencies:
    prettier: ">= 2.3.0"
  checksum: 10c0/ae769939aba21ba16ad4ea414035c49608e5f76ce0ea56bef2de7d3ad073c49315b048a8f9401ac4638b3dbc8d841b7b51f15a9f0946c7cf4df2872ca59e1f37
  languageName: node
  linkType: hard

"prettier-plugin-toml@npm:^2.0.6":
  version: 2.0.6
  resolution: "prettier-plugin-toml@npm:2.0.6"
  dependencies:
    "@taplo/lib": "npm:^0.5.0"
  peerDependencies:
    prettier: ^3.0.3
  checksum: 10c0/8fd0817c2dfe64e694424498c901228e304b76c0909e3ba8a1baff4d259c6f65bb742362859148c3438accd8248b0cf2efd2c89e1d73f9f469cd5ed82b60e5af
  languageName: node
  linkType: hard

"prettier@npm:^3.6.2":
  version: 3.9.4
  resolution: "prettier@npm:3.9.4"
  bin:
    prettier: bin/prettier.cjs
  checksum: 10c0/dc6ec13d692745c6b7e7bf39beda9eb1b3b76c619118319bce393928c392264b1273337c75f80499695e165affefc7b3a9d2ebb18983af0a8f4dfbb2f45f6ff3
  languageName: node
  linkType: hard

"regexp-to-ast@npm:0.5.0":
  version: 0.5.0
  resolution: "regexp-to-ast@npm:0.5.0"
  checksum: 10c0/16d3c3905fb24866c3bff689ab177c1e63a7283a3cd1ba95987ef86020526f9827f5c60794197311f0e8a967889131142fe7a2e5ed3523ffe2ac9f55052e1566
  languageName: node
  linkType: hard

"require-directory@npm:^2.1.1":
  version: 2.1.1
  resolution: "require-directory@npm:2.1.1"
  checksum: 10c0/83aa76a7bc1531f68d92c75a2ca2f54f1b01463cb566cf3fbc787d0de8be30c9dbc211d1d46be3497dac5785fe296f2dd11d531945ac29730643357978966e99
  languageName: node
  linkType: hard

"rimraf@npm:^6.1.2":
  version: 6.1.3
  resolution: "rimraf@npm:6.1.3"
  dependencies:
    glob: "npm:^13.0.3"
    package-json-from-dist: "npm:^1.0.1"
  bin:
    rimraf: dist/esm/bin.mjs
  checksum: 10c0/4a56537850102e20ba5d5eb49f366b4b7b2435389734b4b8480cf0e0eb0f6f5d0c44120a171aeb0d8f9ab40312a10d2262f3f50acbad803e32caef61b6cf86fc
  languageName: node
  linkType: hard

"semver@workspace:.":
  version: 0.0.0-use.local
  resolution: "semver@workspace:."
  dependencies:
    "@prettier/plugin-xml": "npm:^3.4.2"
    git-conventional-commits: "npm:^2.8.0"
    lint-staged: "npm:^17.0.0"
    prettier: "npm:^3.6.2"
    prettier-plugin-java: "npm:^2.7.5"
    prettier-plugin-properties: "npm:^0.3.0"
    prettier-plugin-toml: "npm:^2.0.6"
    rimraf: "npm:^6.1.2"
  languageName: unknown
  linkType: soft

"string-argv@npm:^0.3.2":
  version: 0.3.2
  resolution: "string-argv@npm:0.3.2"
  checksum: 10c0/75c02a83759ad1722e040b86823909d9a2fc75d15dd71ec4b537c3560746e33b5f5a07f7332d1e3f88319909f82190843aa2f0a0d8c8d591ec08e93d5b8dec82
  languageName: node
  linkType: hard

"string-width@npm:^4.1.0, string-width@npm:^4.2.0, string-width@npm:^4.2.3":
  version: 4.2.3
  resolution: "string-width@npm:4.2.3"
  dependencies:
    emoji-regex: "npm:^8.0.0"
    is-fullwidth-code-point: "npm:^3.0.0"
    strip-ansi: "npm:^6.0.1"
  checksum: 10c0/1e525e92e5eae0afd7454086eed9c818ee84374bb80328fc41217ae72ff5f065ef1c9d7f72da41de40c75fa8bb3dee63d92373fd492c84260a552c636392a47b
  languageName: node
  linkType: hard

"strip-ansi@npm:^6.0.0, strip-ansi@npm:^6.0.1":
  version: 6.0.1
  resolution: "strip-ansi@npm:6.0.1"
  dependencies:
    ansi-regex: "npm:^5.0.1"
  checksum: 10c0/1ae5f212a126fe5b167707f716942490e3933085a5ff6c008ab97ab2f272c8025d3aa218b7bd6ab25729ca20cc81cddb252102f8751e13482a5199e873680952
  languageName: node
  linkType: hard

"tinyexec@npm:^1.2.4":
  version: 1.2.4
  resolution: "tinyexec@npm:1.2.4"
  checksum: 10c0/153b8db6b080194b558ff145b9cffc36b80a6e07babd644dcfbe49c807eee668c876049d28bdee90b96304476f883352f2dad91b3f86bc23832532f4363e66ff
  languageName: node
  linkType: hard

"web-tree-sitter@npm:0.26.9":
  version: 0.26.9
  resolution: "web-tree-sitter@npm:0.26.9"
  checksum: 10c0/7df36536f65384a08c78d98836d163f74635167b55d8f2c86b1404f4915238d1369cb0ce88f5fb5d78fd81ad5898a0b02aec0cda8bd77f19311781aa989962a5
  languageName: node
  linkType: hard

"wrap-ansi@npm:^7.0.0":
  version: 7.0.0
  resolution: "wrap-ansi@npm:7.0.0"
  dependencies:
    ansi-styles: "npm:^4.0.0"
    string-width: "npm:^4.1.0"
    strip-ansi: "npm:^6.0.0"
  checksum: 10c0/d15fc12c11e4cbc4044a552129ebc75ee3f57aa9c1958373a4db0292d72282f54373b536103987a4a7594db1ef6a4f10acf92978f79b98c49306a4b58c77d4da
  languageName: node
  linkType: hard

"y18n@npm:^5.0.5":
  version: 5.0.8
  resolution: "y18n@npm:5.0.8"
  checksum: 10c0/4df2842c36e468590c3691c894bc9cdbac41f520566e76e24f59401ba7d8b4811eb1e34524d57e54bc6d864bcb66baab7ffd9ca42bf1eda596618f9162b91249
  languageName: node
  linkType: hard

"yaml@npm:^2.1.3":
  version: 2.8.3
  resolution: "yaml@npm:2.8.3"
  bin:
    yaml: bin.mjs
  checksum: 10c0/ddff0e11c1b467728d7eb4633db61c5f5de3d8e9373cf84d08fb0cdee03e1f58f02b9f1c51a4a8a865751695addbd465a77f73f1079be91fe5493b29c305fd77
  languageName: node
  linkType: hard

"yaml@npm:^2.9.0":
  version: 2.9.0
  resolution: "yaml@npm:2.9.0"
  bin:
    yaml: bin.mjs
  checksum: 10c0/f340718df45e97a9551b9bf9dac61c80050bc464513b710debfb5067c380c8472e3b67809cffacb4ab5ffb5e66ef9310816c88b05f371cec60abfedd8c88e0a2
  languageName: node
  linkType: hard

"yargs-parser@npm:^21.1.1":
  version: 21.1.1
  resolution: "yargs-parser@npm:21.1.1"
  checksum: 10c0/f84b5e48169479d2f402239c59f084cfd1c3acc197a05c59b98bab067452e6b3ea46d4dd8ba2985ba7b3d32a343d77df0debd6b343e5dae3da2aab2cdf5886b2
  languageName: node
  linkType: hard

"yargs@npm:^17.6.2":
  version: 17.7.2
  resolution: "yargs@npm:17.7.2"
  dependencies:
    cliui: "npm:^8.0.1"
    escalade: "npm:^3.1.1"
    get-caller-file: "npm:^2.0.5"
    require-directory: "npm:^2.1.1"
    string-width: "npm:^4.2.3"
    y18n: "npm:^5.0.5"
    yargs-parser: "npm:^21.1.1"
  checksum: 10c0/ccd7e723e61ad5965fffbb791366db689572b80cca80e0f96aad968dfff4156cd7cd1ad18607afe1046d8241e6fb2d6c08bf7fa7bfb5eaec818735d8feac8f05
  languageName: node
  linkType: hard
